// !$*UTF8*$!
{
	archiveVersion = 1;
	classes = {
	};
	objectVersion = 50;
	objects = {

/* Begin PBXBuildFile section */
		AF66958320D6C0F000DA9CC8 /* AppDelegate.swift in Sources */ = {isa = PBXBuildFile; fileRef = AF66958220D6C0F000DA9CC8 /* AppDelegate.swift */; };
		AF66958520D6C0F000DA9CC8 /* MainViewController.swift in Sources */ = {isa = PBXBuildFile; fileRef = AF66958420D6C0F000DA9CC8 /* MainViewController.swift */; };
		AF66958820D6C0F000DA9CC8 /* MainViewController.storyboard in Resources */ = {isa = PBXBuildFile; fileRef = AF66958620D6C0F000DA9CC8 /* MainViewController.storyboard */; };
		AF66958A20D6C0F200DA9CC8 /* Assets.xcassets in Resources */ = {isa = PBXBuildFile; fileRef = AF66958920D6C0F200DA9CC8 /* Assets.xcassets */; };
		AF66958D20D6C0F200DA9CC8 /* LaunchScreen.storyboard in Resources */ = {isa = PBXBuildFile; fileRef = AF66958B20D6C0F200DA9CC8 /* LaunchScreen.storyboard */; };
		AF66959C20D6C38E00DA9CC8 /* AppState.swift in Sources */ = {isa = PBXBuildFile; fileRef = AF66959B20D6C38E00DA9CC8 /* AppState.swift */; };
		AF6695A620D6C85F00DA9CC8 /* UIViewController+hideKeyboard.swift in Sources */ = {isa = PBXBuildFile; fileRef = AF6695A320D6C85E00DA9CC8 /* UIViewController+hideKeyboard.swift */; };
		AF6695A720D6C85F00DA9CC8 /* UIView+instantiateFromNib.swift in Sources */ = {isa = PBXBuildFile; fileRef = AF6695A420D6C85E00DA9CC8 /* UIView+instantiateFromNib.swift */; };
		AF6695A820D6C85F00DA9CC8 /* UIViewController+instantiate.swift in Sources */ = {isa = PBXBuildFile; fileRef = AF6695A520D6C85F00DA9CC8 /* UIViewController+instantiate.swift */; };
		AF6695AC20D6CC8600DA9CC8 /* MainReducer.swift in Sources */ = {isa = PBXBuildFile; fileRef = AF6695AB20D6CC8600DA9CC8 /* MainReducer.swift */; };
		AF6695D720D6DB7500DA9CC8 /* Store.swift in Sources */ = {isa = PBXBuildFile; fileRef = AF6695D620D6DB7500DA9CC8 /* Store.swift */; };
		AF8E438720D84C5500043B28 /* StateType+userDefaults.swift in Sources */ = {isa = PBXBuildFile; fileRef = AF8E438620D84C5500043B28 /* StateType+userDefaults.swift */; };
		AF8E438C20D8D9CA00043B28 /* AppAction.swift in Sources */ = {isa = PBXBuildFile; fileRef = AF8E438B20D8D9CA00043B28 /* AppAction.swift */; };
		AF8E439020D8F7FA00043B28 /* Middleware.swift in Sources */ = {isa = PBXBuildFile; fileRef = AF8E438F20D8F7FA00043B28 /* Middleware.swift */; };
		C48C8C06578ABCE2D629407A /* Pods_ReSwift_Template.framework in Frameworks */ = {isa = PBXBuildFile; fileRef = E8459C1BDFB828F1192FED88 /* Pods_ReSwift_Template.framework */; };
		EC590D6EDEAB500F4AFEB467 /* Pods_ReSwift_Template.framework in Frameworks */ = {isa = PBXBuildFile; fileRef = EC156AB215EF03CCB9E2F530 /* Pods_ReSwift_Template.framework */; };
/* End PBXBuildFile section */

/* Begin PBXFileReference section */
		84D35C11EB20AA35E361CEF3 /* Pods-ReSwift-Template.release.xcconfig */ = {isa = PBXFileReference; includeInIndex = 1; lastKnownFileType = text.xcconfig; name = "Pods-ReSwift-Template.release.xcconfig"; path = "Pods/Target Support Files/Pods-ReSwift-Template/Pods-ReSwift-Template.release.xcconfig"; sourceTree = "<group>"; };
		AF66957F20D6C0F000DA9CC8 /* ReSwift-Template.app */ = {isa = PBXFileReference; explicitFileType = wrapper.application; includeInIndex = 0; path = "ReSwift-Template.app"; sourceTree = BUILT_PRODUCTS_DIR; };
		AF66958220D6C0F000DA9CC8 /* AppDelegate.swift */ = {isa = PBXFileReference; lastKnownFileType = sourcecode.swift; path = AppDelegate.swift; sourceTree = "<group>"; };
		AF66958420D6C0F000DA9CC8 /* MainViewController.swift */ = {isa = PBXFileReference; lastKnownFileType = sourcecode.swift; path = MainViewController.swift; sourceTree = "<group>"; };
		AF66958720D6C0F000DA9CC8 /* Base */ = {isa = PBXFileReference; lastKnownFileType = file.storyboard; name = Base; path = Base.lproj/MainViewController.storyboard; sourceTree = "<group>"; };
		AF66958920D6C0F200DA9CC8 /* Assets.xcassets */ = {isa = PBXFileReference; lastKnownFileType = folder.assetcatalog; path = Assets.xcassets; sourceTree = "<group>"; };
		AF66958C20D6C0F200DA9CC8 /* Base */ = {isa = PBXFileReference; lastKnownFileType = file.storyboard; name = Base; path = Base.lproj/LaunchScreen.storyboard; sourceTree = "<group>"; };
		AF66958E20D6C0F200DA9CC8 /* Info.plist */ = {isa = PBXFileReference; lastKnownFileType = text.plist.xml; path = Info.plist; sourceTree = "<group>"; };
		AF66959B20D6C38E00DA9CC8 /* AppState.swift */ = {isa = PBXFileReference; lastKnownFileType = sourcecode.swift; path = AppState.swift; sourceTree = "<group>"; };
		AF6695A320D6C85E00DA9CC8 /* UIViewController+hideKeyboard.swift */ = {isa = PBXFileReference; fileEncoding = 4; lastKnownFileType = sourcecode.swift; path = "UIViewController+hideKeyboard.swift"; sourceTree = "<group>"; };
		AF6695A420D6C85E00DA9CC8 /* UIView+instantiateFromNib.swift */ = {isa = PBXFileReference; fileEncoding = 4; lastKnownFileType = sourcecode.swift; path = "UIView+instantiateFromNib.swift"; sourceTree = "<group>"; };
		AF6695A520D6C85F00DA9CC8 /* UIViewController+instantiate.swift */ = {isa = PBXFileReference; fileEncoding = 4; lastKnownFileType = sourcecode.swift; path = "UIViewController+instantiate.swift"; sourceTree = "<group>"; };
		AF6695AB20D6CC8600DA9CC8 /* MainReducer.swift */ = {isa = PBXFileReference; lastKnownFileType = sourcecode.swift; path = MainReducer.swift; sourceTree = "<group>"; };
		AF6695D620D6DB7500DA9CC8 /* Store.swift */ = {isa = PBXFileReference; lastKnownFileType = sourcecode.swift; path = Store.swift; sourceTree = "<group>"; };
		AF8E438620D84C5500043B28 /* StateType+userDefaults.swift */ = {isa = PBXFileReference; lastKnownFileType = sourcecode.swift; path = "StateType+userDefaults.swift"; sourceTree = "<group>"; };
		AF8E438B20D8D9CA00043B28 /* AppAction.swift */ = {isa = PBXFileReference; lastKnownFileType = sourcecode.swift; path = AppAction.swift; sourceTree = "<group>"; };
		AF8E438F20D8F7FA00043B28 /* Middleware.swift */ = {isa = PBXFileReference; lastKnownFileType = sourcecode.swift; path = Middleware.swift; sourceTree = "<group>"; };
		BB551A23EA08CB4D34996C67 /* Pods-ReSwift-Template.debug.xcconfig */ = {isa = PBXFileReference; includeInIndex = 1; lastKnownFileType = text.xcconfig; name = "Pods-ReSwift-Template.debug.xcconfig"; path = "Pods/Target Support Files/Pods-ReSwift-Template/Pods-ReSwift-Template.debug.xcconfig"; sourceTree = "<group>"; };
		E8459C1BDFB828F1192FED88 /* Pods_ReSwift_Template.framework */ = {isa = PBXFileReference; explicitFileType = wrapper.framework; includeInIndex = 0; path = Pods_ReSwift_Template.framework; sourceTree = BUILT_PRODUCTS_DIR; };
		EC156AB215EF03CCB9E2F530 /* Pods_ReSwift_Template.framework */ = {isa = PBXFileReference; explicitFileType = wrapper.framework; includeInIndex = 0; path = Pods_ReSwift_Template.framework; sourceTree = BUILT_PRODUCTS_DIR; };
/* End PBXFileReference section */

/* Begin PBXFrameworksBuildPhase section */
		AF66957C20D6C0F000DA9CC8 /* Frameworks */ = {
			isa = PBXFrameworksBuildPhase;
			buildActionMask = 2147483647;
			files = (
				C48C8C06578ABCE2D629407A /* Pods_ReSwift_Template.framework in Frameworks */,
				EC590D6EDEAB500F4AFEB467 /* Pods_ReSwift_Template.framework in Frameworks */,
			);
			runOnlyForDeploymentPostprocessing = 0;
		};
/* End PBXFrameworksBuildPhase section */

/* Begin PBXGroup section */
		2A1DD17912AABF2347C30482 /* Pods */ = {
			isa = PBXGroup;
			children = (
				BB551A23EA08CB4D34996C67 /* Pods-ReSwift-Template.debug.xcconfig */,
				84D35C11EB20AA35E361CEF3 /* Pods-ReSwift-Template.release.xcconfig */,
			);
			name = Pods;
			sourceTree = "<group>";
		};
		AF66957620D6C0F000DA9CC8 = {
			isa = PBXGroup;
			children = (
				AF66958120D6C0F000DA9CC8 /* ReSwift-Template */,
				AF66958020D6C0F000DA9CC8 /* Products */,
				2A1DD17912AABF2347C30482 /* Pods */,
				E4851D3E912F7B35F1387331 /* Frameworks */,
			);
			sourceTree = "<group>";
		};
		AF66958020D6C0F000DA9CC8 /* Products */ = {
			isa = PBXGroup;
			children = (
				AF66957F20D6C0F000DA9CC8 /* ReSwift-Template.app */,
			);
			name = Products;
			sourceTree = "<group>";
		};
		AF66958120D6C0F000DA9CC8 /* ReSwift-Template */ = {
			isa = PBXGroup;
			children = (
				AF66958220D6C0F000DA9CC8 /* AppDelegate.swift */,
				AF66959420D6C16600DA9CC8 /* Model */,
				AF6695D620D6DB7500DA9CC8 /* Store.swift */,
				AF8E438820D8554700043B28 /* Middleware */,
				AF66959620D6C2F300DA9CC8 /* State */,
				AF66959720D6C30300DA9CC8 /* Reducers */,
				AF66959820D6C31900DA9CC8 /* Actions */,
				AF66959920D6C32800DA9CC8 /* Views */,
				AF66959A20D6C33300DA9CC8 /* ViewControllers */,
				AF6695A020D6C71100DA9CC8 /* Extensions */,
				AF66958920D6C0F200DA9CC8 /* Assets.xcassets */,
				AF66958E20D6C0F200DA9CC8 /* Info.plist */,
			);
			path = "ReSwift-Template";
			sourceTree = "<group>";
		};
		AF66959420D6C16600DA9CC8 /* Model */ = {
			isa = PBXGroup;
			children = (
			);
			path = Model;
			sourceTree = "<group>";
		};
		AF66959620D6C2F300DA9CC8 /* State */ = {
			isa = PBXGroup;
			children = (
				AF66959B20D6C38E00DA9CC8 /* AppState.swift */,
			);
			path = State;
			sourceTree = "<group>";
		};
		AF66959720D6C30300DA9CC8 /* Reducers */ = {
			isa = PBXGroup;
			children = (
				AF6695AB20D6CC8600DA9CC8 /* MainReducer.swift */,
			);
			path = Reducers;
			sourceTree = "<group>";
		};
		AF66959820D6C31900DA9CC8 /* Actions */ = {
			isa = PBXGroup;
			children = (
				AF8E438B20D8D9CA00043B28 /* AppAction.swift */,
			);
			path = Actions;
			sourceTree = "<group>";
		};
		AF66959920D6C32800DA9CC8 /* Views */ = {
			isa = PBXGroup;
			children = (
				AF66958B20D6C0F200DA9CC8 /* LaunchScreen.storyboard */,
			);
			path = Views;
			sourceTree = "<group>";
		};
		AF66959A20D6C33300DA9CC8 /* ViewControllers */ = {
			isa = PBXGroup;
			children = (
				AF66958420D6C0F000DA9CC8 /* MainViewController.swift */,
				AF66958620D6C0F000DA9CC8 /* MainViewController.storyboard */,
			);
			path = ViewControllers;
			sourceTree = "<group>";
		};
		AF6695A020D6C71100DA9CC8 /* Extensions */ = {
			isa = PBXGroup;
			children = (
				AF6695A420D6C85E00DA9CC8 /* UIView+instantiateFromNib.swift */,
				AF6695A320D6C85E00DA9CC8 /* UIViewController+hideKeyboard.swift */,
				AF6695A520D6C85F00DA9CC8 /* UIViewController+instantiate.swift */,
				AF8E438620D84C5500043B28 /* StateType+userDefaults.swift */,
			);
			path = Extensions;
			sourceTree = "<group>";
		};
		AF8E438820D8554700043B28 /* Middleware */ = {
			isa = PBXGroup;
			children = (
				AF8E438F20D8F7FA00043B28 /* Middleware.swift */,
			);
			path = Middleware;
			sourceTree = "<group>";
		};
		E4851D3E912F7B35F1387331 /* Frameworks */ = {
			isa = PBXGroup;
			children = (
				E8459C1BDFB828F1192FED88 /* Pods_ReSwift_Template.framework */,
				EC156AB215EF03CCB9E2F530 /* Pods_ReSwift_Template.framework */,
			);
			name = Frameworks;
			sourceTree = "<group>";
		};
/* End PBXGroup section */

/* Begin PBXNativeTarget section */
		AF66957E20D6C0F000DA9CC8 /* ReSwift-Template */ = {
			isa = PBXNativeTarget;
			buildConfigurationList = AF66959120D6C0F200DA9CC8 /* Build configuration list for PBXNativeTarget "ReSwift-Template" */;
			buildPhases = (
				E0475D85D74D00E1F6C82234 /* [CP] Check Pods Manifest.lock */,
				AF66957B20D6C0F000DA9CC8 /* Sources */,
				AF66957C20D6C0F000DA9CC8 /* Frameworks */,
				AF66957D20D6C0F000DA9CC8 /* Resources */,
				ABB8324F8CF9F752EE8CB2AD /* [CP] Embed Pods Frameworks */,
				AF6695D220D6D67A00DA9CC8 /* Run SwiftLint */,
			);
			buildRules = (
			);
			dependencies = (
			);
			name = "ReSwift-Template";
			productName = "ReSwift-Template";
			productReference = AF66957F20D6C0F000DA9CC8 /* ReSwift-Template.app */;
			productType = "com.apple.product-type.application";
		};
/* End PBXNativeTarget section */

/* Begin PBXProject section */
		AF66957720D6C0F000DA9CC8 /* Project object */ = {
			isa = PBXProject;
			attributes = {
				LastSwiftUpdateCheck = 0940;
				LastUpgradeCheck = 0940;
				ORGANIZATIONNAME = "Roland Tolnay";
				TargetAttributes = {
					AF66957E20D6C0F000DA9CC8 = {
						CreatedOnToolsVersion = 9.4.1;
					};
				};
			};
			buildConfigurationList = AF66957A20D6C0F000DA9CC8 /* Build configuration list for PBXProject "ReSwift-Template" */;
			compatibilityVersion = "Xcode 9.3";
			developmentRegion = en;
			hasScannedForEncodings = 0;
			knownRegions = (
				en,
				Base,
			);
			mainGroup = AF66957620D6C0F000DA9CC8;
			productRefGroup = AF66958020D6C0F000DA9CC8 /* Products */;
			projectDirPath = "";
			projectRoot = "";
			targets = (
				AF66957E20D6C0F000DA9CC8 /* ReSwift-Template */,
			);
		};
/* End PBXProject section */

/* Begin PBXResourcesBuildPhase section */
		AF66957D20D6C0F000DA9CC8 /* Resources */ = {
			isa = PBXResourcesBuildPhase;
			buildActionMask = 2147483647;
			files = (
				AF66958D20D6C0F200DA9CC8 /* LaunchScreen.storyboard in Resources */,
				AF66958A20D6C0F200DA9CC8 /* Assets.xcassets in Resources */,
				AF66958820D6C0F000DA9CC8 /* MainViewController.storyboard in Resources */,
			);
			runOnlyForDeploymentPostprocessing = 0;
		};
/* End PBXResourcesBuildPhase section */

/* Begin PBXShellScriptBuildPhase section */
		ABB8324F8CF9F752EE8CB2AD /* [CP] Embed Pods Frameworks */ = {
			isa = PBXShellScriptBuildPhase;
			buildActionMask = 2147483647;
			files = (
			);
			inputPaths = (
				"${SRCROOT}/Pods/Target Support Files/Pods-ReSwift-Template/Pods-ReSwift-Template-frameworks.sh",
				"${BUILT_PRODUCTS_DIR}/ReSwift/ReSwift.framework",
			);
			name = "[CP] Embed Pods Frameworks";
			outputPaths = (
				"${TARGET_BUILD_DIR}/${FRAMEWORKS_FOLDER_PATH}/ReSwift.framework",
			);
			runOnlyForDeploymentPostprocessing = 0;
			shellPath = /bin/sh;
			shellScript = "\"${SRCROOT}/Pods/Target Support Files/Pods-ReSwift-Template/Pods-ReSwift-Template-frameworks.sh\"\n";
			showEnvVarsInLog = 0;
		};
		AF6695D220D6D67A00DA9CC8 /* Run SwiftLint */ = {
			isa = PBXShellScriptBuildPhase;
			buildActionMask = 2147483647;
			files = (
			);
			inputPaths = (
			);
			name = "Run SwiftLint";
			outputPaths = (
			);
			runOnlyForDeploymentPostprocessing = 0;
			shellPath = /bin/sh;
			shellScript = "if which swiftlint >/dev/null; then\n    swiftlint\nelse\n    echo \"warning: SwiftLint not installed, download from https://github.com/realm/SwiftLint\"\nfi";
		};
		E0475D85D74D00E1F6C82234 /* [CP] Check Pods Manifest.lock */ = {
			isa = PBXShellScriptBuildPhase;
			buildActionMask = 2147483647;
			files = (
			);
			inputPaths = (
				"${PODS_PODFILE_DIR_PATH}/Podfile.lock",
				"${PODS_ROOT}/Manifest.lock",
			);
			name = "[CP] Check Pods Manifest.lock";
			outputPaths = (
				"$(DERIVED_FILE_DIR)/Pods-ReSwift-Template-checkManifestLockResult.txt",
			);
			runOnlyForDeploymentPostprocessing = 0;
			shellPath = /bin/sh;
			shellScript = "diff \"${PODS_PODFILE_DIR_PATH}/Podfile.lock\" \"${PODS_ROOT}/Manifest.lock\" > /dev/null\nif [ $? != 0 ] ; then\n    # print error to STDERR\n    echo \"error: The sandbox is not in sync with the Podfile.lock. Run 'pod install' or update your CocoaPods installation.\" >&2\n    exit 1\nfi\n# This output is used by Xcode 'outputs' to avoid re-running this script phase.\necho \"SUCCESS\" > \"${SCRIPT_OUTPUT_FILE_0}\"\n";
			showEnvVarsInLog = 0;
		};
/* End PBXShellScriptBuildPhase section */

/* Begin PBXSourcesBuildPhase section */
		AF66957B20D6C0F000DA9CC8 /* Sources */ = {
			isa = PBXSourcesBuildPhase;
			buildActionMask = 2147483647;
			files = (
				AF8E439020D8F7FA00043B28 /* Middleware.swift in Sources */,
				AF66959C20D6C38E00DA9CC8 /* AppState.swift in Sources */,
				AF66958520D6C0F000DA9CC8 /* MainViewController.swift in Sources */,
				AF6695A820D6C85F00DA9CC8 /* UIViewController+instantiate.swift in Sources */,
				AF6695A720D6C85F00DA9CC8 /* UIView+instantiateFromNib.swift in Sources */,
				AF8E438C20D8D9CA00043B28 /* AppAction.swift in Sources */,
				AF8E438720D84C5500043B28 /* StateType+userDefaults.swift in Sources */,
				AF6695A620D6C85F00DA9CC8 /* UIViewController+hideKeyboard.swift in Sources */,
				AF6695AC20D6CC8600DA9CC8 /* MainReducer.swift in Sources */,
				AF6695D720D6DB7500DA9CC8 /* Store.swift in Sources */,
				AF66958320D6C0F000DA9CC8 /* AppDelegate.swift in Sources */,
			);
			runOnlyForDeploymentPostprocessing = 0;
		};
/* End PBXSourcesBuildPhase section */

/* Begin PBXVariantGroup section */
		AF66958620D6C0F000DA9CC8 /* MainViewController.storyboard */ = {
			isa = PBXVariantGroup;
			children = (
				AF66958720D6C0F000DA9CC8 /* Base */,
			);
			name = MainViewController.storyboard;
			sourceTree = "<group>";
		};
		AF66958B20D6C0F200DA9CC8 /* LaunchScreen.storyboard */ = {
			isa = PBXVariantGroup;
			children = (
				AF66958C20D6C0F200DA9CC8 /* Base */,
			);
			name = LaunchScreen.storyboard;
			sourceTree = "<group>";
		};
/* End PBXVariantGroup section */

/* Begin XCBuildConfiguration section */
		AF66958F20D6C0F200DA9CC8 /* Debug */ = {
			isa = XCBuildConfiguration;
			buildSettings = {
				ALWAYS_SEARCH_USER_PATHS = NO;
				CLANG_ANALYZER_NONNULL = YES;
				CLANG_ANALYZER_NUMBER_OBJECT_CONVERSION = YES_AGGRESSIVE;
				CLANG_CXX_LANGUAGE_STANDARD = "gnu++14";
				CLANG_CXX_LIBRARY = "libc++";
				CLANG_ENABLE_MODULES = YES;
				CLANG_ENABLE_OBJC_ARC = YES;
				CLANG_ENABLE_OBJC_WEAK = YES;
				CLANG_WARN_BLOCK_CAPTURE_AUTORELEASING = YES;
				CLANG_WARN_BOOL_CONVERSION = YES;
				CLANG_WARN_COMMA = YES;
				CLANG_WARN_CONSTANT_CONVERSION = YES;
				CLANG_WARN_DEPRECATED_OBJC_IMPLEMENTATIONS = YES;
				CLANG_WARN_DIRECT_OBJC_ISA_USAGE = YES_ERROR;
				CLANG_WARN_DOCUMENTATION_COMMENTS = YES;
				CLANG_WARN_EMPTY_BODY = YES;
				CLANG_WARN_ENUM_CONVERSION = YES;
				CLANG_WARN_INFINITE_RECURSION = YES;
				CLANG_WARN_INT_CONVERSION = YES;
				CLANG_WARN_NON_LITERAL_NULL_CONVERSION = YES;
				CLANG_WARN_OBJC_IMPLICIT_RETAIN_SELF = YES;
				CLANG_WARN_OBJC_LITERAL_CONVERSION = YES;
				CLANG_WARN_OBJC_ROOT_CLASS = YES_ERROR;
				CLANG_WARN_RANGE_LOOP_ANALYSIS = YES;
				CLANG_WARN_STRICT_PROTOTYPES = YES;
				CLANG_WARN_SUSPICIOUS_MOVE = YES;
				CLANG_WARN_UNGUARDED_AVAILABILITY = YES_AGGRESSIVE;
				CLANG_WARN_UNREACHABLE_CODE = YES;
				CLANG_WARN__DUPLICATE_METHOD_MATCH = YES;
				CODE_SIGN_IDENTITY = "iPhone Developer";
				COPY_PHASE_STRIP = NO;
				DEBUG_INFORMATION_FORMAT = dwarf;
				ENABLE_STRICT_OBJC_MSGSEND = YES;
				ENABLE_TESTABILITY = YES;
				GCC_C_LANGUAGE_STANDARD = gnu11;
				GCC_DYNAMIC_NO_PIC = NO;
				GCC_NO_COMMON_BLOCKS = YES;
				GCC_OPTIMIZATION_LEVEL = 0;
				GCC_PREPROCESSOR_DEFINITIONS = (
					"DEBUG=1",
					"$(inherited)",
				);
				GCC_WARN_64_TO_32_BIT_CONVERSION = YES;
				GCC_WARN_ABOUT_RETURN_TYPE = YES_ERROR;
				GCC_WARN_UNDECLARED_SELECTOR = YES;
				GCC_WARN_UNINITIALIZED_AUTOS = YES_AGGRESSIVE;
				GCC_WARN_UNUSED_FUNCTION = YES;
				GCC_WARN_UNUSED_VARIABLE = YES;
				IPHONEOS_DEPLOYMENT_TARGET = 11.4;
				MTL_ENABLE_DEBUG_INFO = YES;
				ONLY_ACTIVE_ARCH = YES;
				SDKROOT = iphoneos;
				SWIFT_ACTIVE_COMPILATION_CONDITIONS = DEBUG;
				SWIFT_OPTIMIZATION_LEVEL = "-Onone";
			};
			name = Debug;
		};
		AF66959020D6C0F200DA9CC8 /* Release */ = {
			isa = XCBuildConfiguration;
			buildSettings = {
				ALWAYS_SEARCH_USER_PATHS = NO;
				CLANG_ANALYZER_NONNULL = YES;
				CLANG_ANALYZER_NUMBER_OBJECT_CONVERSION = YES_AGGRESSIVE;
				CLANG_CXX_LANGUAGE_STANDARD = "gnu++14";
				CLANG_CXX_LIBRARY = "libc++";
				CLANG_ENABLE_MODULES = YES;
				CLANG_ENABLE_OBJC_ARC = YES;
				CLANG_ENABLE_OBJC_WEAK = YES;
				CLANG_WARN_BLOCK_CAPTURE_AUTORELEASING = YES;
				CLANG_WARN_BOOL_CONVERSION = YES;
				CLANG_WARN_COMMA = YES;
				CLANG_WARN_CONSTANT_CONVERSION = YES;
				CLANG_WARN_DEPRECATED_OBJC_IMPLEMENTATIONS = YES;
				CLANG_WARN_DIRECT_OBJC_ISA_USAGE = YES_ERROR;
				CLANG_WARN_DOCUMENTATION_COMMENTS = YES;
				CLANG_WARN_EMPTY_BODY = YES;
				CLANG_WARN_ENUM_CONVERSION = YES;
				CLANG_WARN_INFINITE_RECURSION = YES;
				CLANG_WARN_INT_CONVERSION = YES;
				CLANG_WARN_NON_LITERAL_NULL_CONVERSION = YES;
				CLANG_WARN_OBJC_IMPLICIT_RETAIN_SELF = YES;
				CLANG_WARN_OBJC_LITERAL_CONVERSION = YES;
				CLANG_WARN_OBJC_ROOT_CLASS = YES_ERROR;
				CLANG_WARN_RANGE_LOOP_ANALYSIS = YES;
				CLANG_WARN_STRICT_PROTOTYPES = YES;
				CLANG_WARN_SUSPICIOUS_MOVE = YES;
				CLANG_WARN_UNGUARDED_AVAILABILITY = YES_AGGRESSIVE;
				CLANG_WARN_UNREACHABLE_CODE = YES;
				CLANG_WARN__DUPLICATE_METHOD_MATCH = YES;
				CODE_SIGN_IDENTITY = "iPhone Developer";
				COPY_PHASE_STRIP = NO;
				DEBUG_INFORMATION_FORMAT = "dwarf-with-dsym";
				ENABLE_NS_ASSERTIONS = NO;
				ENABLE_STRICT_OBJC_MSGSEND = YES;
				GCC_C_LANGUAGE_STANDARD = gnu11;
				GCC_NO_COMMON_BLOCKS = YES;
				GCC_WARN_64_TO_32_BIT_CONVERSION = YES;
				GCC_WARN_ABOUT_RETURN_TYPE = YES_ERROR;
				GCC_WARN_UNDECLARED_SELECTOR = YES;
				GCC_WARN_UNINITIALIZED_AUTOS = YES_AGGRESSIVE;
				GCC_WARN_UNUSED_FUNCTION = YES;
				GCC_WARN_UNUSED_VARIABLE = YES;
				IPHONEOS_DEPLOYMENT_TARGET = 11.4;
				MTL_ENABLE_DEBUG_INFO = NO;
				SDKROOT = iphoneos;
				SWIFT_COMPILATION_MODE = wholemodule;
				SWIFT_OPTIMIZATION_LEVEL = "-O";
				VALIDATE_PRODUCT = YES;
			};
			name = Release;
		};
		AF66959220D6C0F200DA9CC8 /* Debug */ = {
			isa = XCBuildConfiguration;
			baseConfigurationReference = BB551A23EA08CB4D34996C67 /* Pods-ReSwift-Template.debug.xcconfig */;
			buildSettings = {
				ASSETCATALOG_COMPILER_APPICON_NAME = AppIcon;
				CODE_SIGN_STYLE = Automatic;
				DEVELOPMENT_TEAM = JYW3B323JJ;
				INFOPLIST_FILE = "ReSwift-Template/Info.plist";
				LD_RUNPATH_SEARCH_PATHS = (
					"$(inherited)",
					"@executable_path/Frameworks",
				);
				PRODUCT_BUNDLE_IDENTIFIER = "me.rolandtolnay.ReSwift-Template";
				PRODUCT_NAME = "$(TARGET_NAME)";
				SWIFT_VERSION = 4.0;
				TARGETED_DEVICE_FAMILY = "1,2";
			};
			name = Debug;
		};
		AF66959320D6C0F200DA9CC8 /* Release */ = {
			isa = XCBuildConfiguration;
			baseConfigurationReference = 84D35C11EB20AA35E361CEF3 /* Pods-ReSwift-Template.release.xcconfig */;
			buildSettings = {
				ASSETCATALOG_COMPILER_APPICON_NAME = AppIcon;
				CODE_SIGN_STYLE = Automatic;
				DEVELOPMENT_TEAM = JYW3B323JJ;
				INFOPLIST_FILE = "ReSwift-Template/Info.plist";
				LD_RUNPATH_SEARCH_PATHS = (
					"$(inherited)",
					"@executable_path/Frameworks",
				);
				PRODUCT_BUNDLE_IDENTIFIER = "me.rolandtolnay.ReSwift-Template";
				PRODUCT_NAME = "$(TARGET_NAME)";
				SWIFT_VERSION = 4.0;
				TARGETED_DEVICE_FAMILY = "1,2";
			};
			name = Release;
		};
/* End XCBuildConfiguration section */

/* Begin XCConfigurationList section */
		AF66957A20D6C0F000DA9CC8 /* Build configuration list for PBXProject "ReSwift-Template" */ = {
			isa = XCConfigurationList;
			buildConfigurations = (
				AF66958F20D6C0F200DA9CC8 /* Debug */,
				AF66959020D6C0F200DA9CC8 /* Release */,
			);
			defaultConfigurationIsVisible = 0;
			defaultConfigurationName = Release;
		};
		AF66959120D6C0F200DA9CC8 /* Build configuration list for PBXNativeTarget "ReSwift-Template" */ = {
			isa = XCConfigurationList;
			buildConfigurations = (
				AF66959220D6C0F200DA9CC8 /* Debug */,
				AF66959320D6C0F200DA9CC8 /* Release */,
			);
			defaultConfigurationIsVisible = 0;
			defaultConfigurationName = Release;
		};
/* End XCConfigurationList section */
	};
	rootObject = AF66957720D6C0F000DA9CC8 /* Project object */;
}
